<?xml version="1.0" encoding="UTF-8" standalone="yes" ?>
<CodeBlocks_project_file>
	<FileVersion major="1" minor="6" />
	<Project>
		<Option title="training2" />
		<Option pch_mode="2" />
		<Option compiler="gcc" />
		<Build>
			<Target title="Debug">
				<Option output="bin/Debug/training2" prefix_auto="1" extension_auto="1" />
				<Option object_output="obj/Debug/" />
				<Option type="1" />
				<Option compiler="gcc" />
				<Compiler>
					<Add option="-g" />
					<Add option="-DCURL_STATICLIB" />
					<Add directory="../../curl/include" />
					<Add directory="../../curl/bin" />
					<Add directory="../../curl/lib" />
				</Compiler>
				<ResourceCompiler>
					<Add directory="../../curl/include" />
				</ResourceCompiler>
				<Linker>
					<Add option="-static" />
					<Add option="-lcurldll -lssh2 -lidn -lrtmp -lssl -lcrypto -lz -lws2_32 -lwldap32" />
					<Add library="..\..\curl\bin\libcurl.dll" />
					<Add library="..\..\curl\bin\libeay32.dll" />
					<Add library="..\..\curl\bin\libidn-11.dll" />
					<Add library="..\..\curl\bin\librtmp.dll" />
					<Add library="..\..\curl\bin\libssh2.dll" />
					<Add library="..\..\curl\bin\ssleay32.dll" />
					<Add library="..\..\curl\bin\zlib1.dll" />
					<Add directory="../../curl/include" />
					<Add directory="../../curl/bin" />
					<Add directory="../../curl/lib" />
				</Linker>
			</Target>
			<Target title="Release">
				<Option output="bin/Release/training2" prefix_auto="1" extension_auto="1" />
				<Option object_output="obj/Release/" />
				<Option type="1" />
				<Option compiler="gcc" />
				<Compiler>
					<Add option="-O2" />
				</Compiler>
				<Linker>
					<Add option="-s" />
				</Linker>
			</Target>
		</Build>
		<Compiler>
			<Add option="-Wall" />
		</Compiler>
		<Unit filename="main.c">
			<Option compilerVar="CC" />
		</Unit>
		<Extensions>
			<code_completion />
			<envvars />
			<debugger />
			<lib_finder disable_auto="1" />
		</Extensions>
	</Project>
</CodeBlocks_project_file>
